# Verified with Python 3.12 on 2026-07-22.
# Regenerate intentionally after running the full test suite.
annotated-types==0.7.0
anyio==4.14.0
backports.zstd==1.6.0
beautifulsoup4==4.15.0
brotli==1.2.0
certifi==2026.6.17
charset-normalizer==3.4.7
et_xmlfile==2.0.0
h11==0.16.0
httpcore==1.0.9
httpx==0.28.1
idna==3.18
inflate64==1.0.4
lxml==6.1.1
multivolumefile==0.2.3
openpyxl==3.1.5
psutil==7.2.2
psycopg==3.3.4
psycopg-binary==3.3.4
py7zr==1.1.3
pybcj==1.0.7
pycryptodomex==3.23.0
pydantic==2.13.4
pydantic-settings==2.14.2
pydantic_core==2.46.4
PyMuPDF==1.27.2.3
pyppmd==1.3.1
python-docx==1.2.0
python-dotenv==1.2.2
python-telegram-bot==22.8
PyYAML==6.0.3
rarfile==4.2
requests==2.34.2
socksio==1.0.0
soupsieve==2.8.4
texttable==1.7.0
typing-inspection==0.4.2
typing_extensions==4.15.0
tzdata==2026.2; sys_platform == "win32"
urllib3==2.7.0
xlrd==2.0.2
